
Microsoft Visual Studio Solution File, Format Version 12.00
# Visual Studio 15
VisualStudioVersion = 15.0.28307.271
MinimumVisualStudioVersion = 10.0.40219.1
Project("{FAE04EC0-301F-11D3-BF4B-00C04F79EFBC}") = "Calculator 16th", "Calculator 16th\Calculator 16th.csproj", "{B95E5EB3-2638-424B-A08E-0C9EED622008}"
EndProject
Global
	GlobalSection(SolutionConfigurationPlatforms) = preSolution
		Debug|Any CPU = Debug|Any CPU
		Release|Any CPU = Release|Any CPU
	EndGlobalSection
	GlobalSection(ProjectConfigurationPlatforms) = postSolution
		{B95E5EB3-2638-424B-A08E-0C9EED622008}.Debug|Any CPU.ActiveCfg = Debug|Any CPU
		{B95E5EB3-2638-424B-A08E-0C9EED622008}.Debug|Any CPU.Build.0 = Debug|Any CPU
		{B95E5EB3-2638-424B-A08E-0C9EED622008}.Release|Any CPU.ActiveCfg = Release|Any CPU
		{B95E5EB3-2638-424B-A08E-0C9EED622008}.Release|Any CPU.Build.0 = Release|Any CPU
	EndGlobalSection
	GlobalSection(SolutionProperties) = preSolution
		HideSolutionNode = FALSE
	EndGlobalSection
	GlobalSection(ExtensibilityGlobals) = postSolution
		SolutionGuid = {864F21E4-906B-40E4-A3AE-C846885D0660}
	EndGlobalSection
EndGlobal
